
Microsoft Visual Studio Solution File, Format Version 12.00
# Visual Studio Version 16
VisualStudioVersion = 16.0.31515.178
MinimumVisualStudioVersion = 10.0.40219.1
Project("{2150E333-8FDC-42A3-9474-1A3956D46DE8}") = "Solution Items", "Solution Items", "{C0E7D924-99BA-4BDA-8A07-AFE160AEDF87}"
	ProjectSection(SolutionItems) = preProject
		Dersler.html = Dersler.html
		Ödev.html = Ödev.html
		Ödev2.html = Ödev2.html
	EndProjectSection
EndProject
Global
	GlobalSection(SolutionProperties) = preSolution
		HideSolutionNode = FALSE
	EndGlobalSection
	GlobalSection(ExtensibilityGlobals) = postSolution
		SolutionGuid = {F2DD5B26-AC99-4EF3-AE87-0D219BF6F727}
	EndGlobalSection
EndGlobal
